
Microsoft Visual Studio Solution File, Format Version 12.00
# Visual Studio Version 16
VisualStudioVersion = 16.0.31702.278
MinimumVisualStudioVersion = 10.0.40219.1
Project("{9A19103F-16F7-4668-BE54-9A1E7A4F7556}") = "CalculatorConsoleApp", "CalculatorConsoleApp\CalculatorConsoleApp.csproj", "{5BFC6391-EC4A-4032-A408-B652F13BAC83}"
EndProject
Project("{9A19103F-16F7-4668-BE54-9A1E7A4F7556}") = "CalculatorWindowsFormsApp", "CalculatorWindowsFormsApp\CalculatorWindowsFormsApp.csproj", "{1F422E87-AD25-43BD-BB9C-B61B102CC465}"
EndProject
Project("{FAE04EC0-301F-11D3-BF4B-00C04F79EFBC}") = "CalLibrary", "CalLibrary\CalLibrary.csproj", "{8E95100B-FEEC-4A7C-BFE1-8CE6642609A1}"
EndProject
Global
	GlobalSection(SolutionConfigurationPlatforms) = preSolution
		Debug|Any CPU = Debug|Any CPU
		Release|Any CPU = Release|Any CPU
	EndGlobalSection
	GlobalSection(ProjectConfigurationPlatforms) = postSolution
		{5BFC6391-EC4A-4032-A408-B652F13BAC83}.Debug|Any CPU.ActiveCfg = Debug|Any CPU
		{5BFC6391-EC4A-4032-A408-B652F13BAC83}.Debug|Any CPU.Build.0 = Debug|Any CPU
		{5BFC6391-EC4A-4032-A408-B652F13BAC83}.Release|Any CPU.ActiveCfg = Release|Any CPU
		{5BFC6391-EC4A-4032-A408-B652F13BAC83}.Release|Any CPU.Build.0 = Release|Any CPU
		{1F422E87-AD25-43BD-BB9C-B61B102CC465}.Debug|Any CPU.ActiveCfg = Debug|Any CPU
		{1F422E87-AD25-43BD-BB9C-B61B102CC465}.Debug|Any CPU.Build.0 = Debug|Any CPU
		{1F422E87-AD25-43BD-BB9C-B61B102CC465}.Release|Any CPU.ActiveCfg = Release|Any CPU
		{1F422E87-AD25-43BD-BB9C-B61B102CC465}.Release|Any CPU.Build.0 = Release|Any CPU
		{8E95100B-FEEC-4A7C-BFE1-8CE6642609A1}.Debug|Any CPU.ActiveCfg = Debug|Any CPU
		{8E95100B-FEEC-4A7C-BFE1-8CE6642609A1}.Debug|Any CPU.Build.0 = Debug|Any CPU
		{8E95100B-FEEC-4A7C-BFE1-8CE6642609A1}.Release|Any CPU.ActiveCfg = Release|Any CPU
		{8E95100B-FEEC-4A7C-BFE1-8CE6642609A1}.Release|Any CPU.Build.0 = Release|Any CPU
	EndGlobalSection
	GlobalSection(SolutionProperties) = preSolution
		HideSolutionNode = FALSE
	EndGlobalSection
	GlobalSection(ExtensibilityGlobals) = postSolution
		SolutionGuid = {B8C2D87C-7B4B-4A15-85B5-677E32D5EB69}
	EndGlobalSection
EndGlobal
